// !$*UTF8*$!
{
	archiveVersion = 1;
	classes = {
	};
	objectVersion = 46;
	objects = {

/* Begin PBXBuildFile section */
		45099E181D7ADD8800899CBF /* AppDelegate.swift in Sources */ = {isa = PBXBuildFile; fileRef = 45099E171D7ADD8800899CBF /* AppDelegate.swift */; };
		45099E1A1D7ADD8800899CBF /* ViewController.swift in Sources */ = {isa = PBXBuildFile; fileRef = 45099E191D7ADD8800899CBF /* ViewController.swift */; };
		45099E1D1D7ADD8800899CBF /* Main.storyboard in Resources */ = {isa = PBXBuildFile; fileRef = 45099E1B1D7ADD8800899CBF /* Main.storyboard */; };
		45099E1F1D7ADD8800899CBF /* Assets.xcassets in Resources */ = {isa = PBXBuildFile; fileRef = 45099E1E1D7ADD8800899CBF /* Assets.xcassets */; };
		45099E221D7ADD8800899CBF /* LaunchScreen.storyboard in Resources */ = {isa = PBXBuildFile; fileRef = 45099E201D7ADD8800899CBF /* LaunchScreen.storyboard */; };
		C87366961295B090E1379D10 /* Pods_ListDataProvider.framework in Frameworks */ = {isa = PBXBuildFile; fileRef = DD4CE68D679A78E095863D2A /* Pods_ListDataProvider.framework */; };
		D40DE8271E72B53E00E2A64D /* PagedListDataProvider.swift in Sources */ = {isa = PBXBuildFile; fileRef = D40DE8241E72B53E00E2A64D /* PagedListDataProvider.swift */; };
		D40DE8281E72B53E00E2A64D /* SectionedArrayContainer.swift in Sources */ = {isa = PBXBuildFile; fileRef = D40DE8251E72B53E00E2A64D /* SectionedArrayContainer.swift */; };
		D40DE8291E72B53E00E2A64D /* UICollectionVIew+BIDequeCell.swift in Sources */ = {isa = PBXBuildFile; fileRef = D40DE8261E72B53E00E2A64D /* UICollectionVIew+BIDequeCell.swift */; };
		D466FDBA1DA8A2BC00185B6B /* BaseTableViewController.swift in Sources */ = {isa = PBXBuildFile; fileRef = D466FDB91DA8A2BC00185B6B /* BaseTableViewController.swift */; };
		D466FDBC1DA8A32700185B6B /* SingleCellViewController.swift in Sources */ = {isa = PBXBuildFile; fileRef = D466FDBB1DA8A32700185B6B /* SingleCellViewController.swift */; };
		D466FDBE1DA8A40F00185B6B /* SectionedTableViewController.swift in Sources */ = {isa = PBXBuildFile; fileRef = D466FDBD1DA8A40F00185B6B /* SectionedTableViewController.swift */; };
		D466FDC01DA8C46200185B6B /* MultipeerTableViewController.swift in Sources */ = {isa = PBXBuildFile; fileRef = D466FDBF1DA8C46200185B6B /* MultipeerTableViewController.swift */; };
		D476F2091E486F44006F6C48 /* CollectionViewProxy.swift in Sources */ = {isa = PBXBuildFile; fileRef = D476F2001E486F44006F6C48 /* CollectionViewProxy.swift */; };
		D476F20C1E486F44006F6C48 /* ListDataProvider.swift in Sources */ = {isa = PBXBuildFile; fileRef = D476F2031E486F44006F6C48 /* ListDataProvider.swift */; };
		D476F20D1E486F44006F6C48 /* ListCellData.swift in Sources */ = {isa = PBXBuildFile; fileRef = D476F2041E486F44006F6C48 /* ListCellData.swift */; };
		D476F20E1E486F44006F6C48 /* ReusableView.swift in Sources */ = {isa = PBXBuildFile; fileRef = D476F2051E486F44006F6C48 /* ReusableView.swift */; };
		D476F20F1E486F44006F6C48 /* TableViewProxy.swift in Sources */ = {isa = PBXBuildFile; fileRef = D476F2061E486F44006F6C48 /* TableViewProxy.swift */; };
		D476F2101E486F44006F6C48 /* MultipeerTableViewProxy.swift in Sources */ = {isa = PBXBuildFile; fileRef = D476F2071E486F44006F6C48 /* MultipeerTableViewProxy.swift */; };
		D476F2111E486F44006F6C48 /* UITableView+BIDequeCell.swift in Sources */ = {isa = PBXBuildFile; fileRef = D476F2081E486F44006F6C48 /* UITableView+BIDequeCell.swift */; };
		D49F10661E76A2DC00578FE8 /* ListCellModelProvider.swift in Sources */ = {isa = PBXBuildFile; fileRef = D49F10651E76A2DC00578FE8 /* ListCellModelProvider.swift */; };
		D49F10681E76A32900578FE8 /* ArrayContainer.swift in Sources */ = {isa = PBXBuildFile; fileRef = D49F10671E76A32900578FE8 /* ArrayContainer.swift */; };
/* End PBXBuildFile section */

/* Begin PBXFileReference section */
		0277C69CB8E369E92C612B74 /* Pods-ListDataProvider.release.xcconfig */ = {isa = PBXFileReference; includeInIndex = 1; lastKnownFileType = text.xcconfig; name = "Pods-ListDataProvider.release.xcconfig"; path = "Pods/Target Support Files/Pods-ListDataProvider/Pods-ListDataProvider.release.xcconfig"; sourceTree = "<group>"; };
		45099E141D7ADD8800899CBF /* ListDataProvider.app */ = {isa = PBXFileReference; explicitFileType = wrapper.application; includeInIndex = 0; path = ListDataProvider.app; sourceTree = BUILT_PRODUCTS_DIR; };
		45099E171D7ADD8800899CBF /* AppDelegate.swift */ = {isa = PBXFileReference; lastKnownFileType = sourcecode.swift; path = AppDelegate.swift; sourceTree = "<group>"; };
		45099E191D7ADD8800899CBF /* ViewController.swift */ = {isa = PBXFileReference; lastKnownFileType = sourcecode.swift; path = ViewController.swift; sourceTree = "<group>"; };
		45099E1C1D7ADD8800899CBF /* Base */ = {isa = PBXFileReference; lastKnownFileType = file.storyboard; name = Base; path = Base.lproj/Main.storyboard; sourceTree = "<group>"; };
		45099E1E1D7ADD8800899CBF /* Assets.xcassets */ = {isa = PBXFileReference; lastKnownFileType = folder.assetcatalog; path = Assets.xcassets; sourceTree = "<group>"; };
		45099E211D7ADD8800899CBF /* Base */ = {isa = PBXFileReference; lastKnownFileType = file.storyboard; name = Base; path = Base.lproj/LaunchScreen.storyboard; sourceTree = "<group>"; };
		45099E231D7ADD8800899CBF /* Info.plist */ = {isa = PBXFileReference; lastKnownFileType = text.plist.xml; path = Info.plist; sourceTree = "<group>"; };
		45CC9A1E1D81B6BE009B8CC0 /* ReactiveCocoa.framework */ = {isa = PBXFileReference; lastKnownFileType = wrapper.framework; name = ReactiveCocoa.framework; path = Carthage/Build/iOS/ReactiveCocoa.framework; sourceTree = "<group>"; };
		45CC9A1F1D81B6BE009B8CC0 /* Result.framework */ = {isa = PBXFileReference; lastKnownFileType = wrapper.framework; name = Result.framework; path = Carthage/Build/iOS/Result.framework; sourceTree = "<group>"; };
		71B748755092B400316A4B8E /* Pods-ListDataProvider.debug.xcconfig */ = {isa = PBXFileReference; includeInIndex = 1; lastKnownFileType = text.xcconfig; name = "Pods-ListDataProvider.debug.xcconfig"; path = "Pods/Target Support Files/Pods-ListDataProvider/Pods-ListDataProvider.debug.xcconfig"; sourceTree = "<group>"; };
		D40DE8241E72B53E00E2A64D /* PagedListDataProvider.swift */ = {isa = PBXFileReference; fileEncoding = 4; lastKnownFileType = sourcecode.swift; path = PagedListDataProvider.swift; sourceTree = "<group>"; };
		D40DE8251E72B53E00E2A64D /* SectionedArrayContainer.swift */ = {isa = PBXFileReference; fileEncoding = 4; lastKnownFileType = sourcecode.swift; path = SectionedArrayContainer.swift; sourceTree = "<group>"; };
		D40DE8261E72B53E00E2A64D /* UICollectionVIew+BIDequeCell.swift */ = {isa = PBXFileReference; fileEncoding = 4; lastKnownFileType = sourcecode.swift; path = "UICollectionVIew+BIDequeCell.swift"; sourceTree = "<group>"; };
		D466FDB91DA8A2BC00185B6B /* BaseTableViewController.swift */ = {isa = PBXFileReference; fileEncoding = 4; lastKnownFileType = sourcecode.swift; path = BaseTableViewController.swift; sourceTree = "<group>"; };
		D466FDBB1DA8A32700185B6B /* SingleCellViewController.swift */ = {isa = PBXFileReference; fileEncoding = 4; lastKnownFileType = sourcecode.swift; path = SingleCellViewController.swift; sourceTree = "<group>"; };
		D466FDBD1DA8A40F00185B6B /* SectionedTableViewController.swift */ = {isa = PBXFileReference; fileEncoding = 4; lastKnownFileType = sourcecode.swift; path = SectionedTableViewController.swift; sourceTree = "<group>"; };
		D466FDBF1DA8C46200185B6B /* MultipeerTableViewController.swift */ = {isa = PBXFileReference; fileEncoding = 4; lastKnownFileType = sourcecode.swift; path = MultipeerTableViewController.swift; sourceTree = "<group>"; };
		D476F2001E486F44006F6C48 /* CollectionViewProxy.swift */ = {isa = PBXFileReference; fileEncoding = 4; lastKnownFileType = sourcecode.swift; path = CollectionViewProxy.swift; sourceTree = "<group>"; };
		D476F2031E486F44006F6C48 /* ListDataProvider.swift */ = {isa = PBXFileReference; fileEncoding = 4; lastKnownFileType = sourcecode.swift; path = ListDataProvider.swift; sourceTree = "<group>"; };
		D476F2041E486F44006F6C48 /* ListCellData.swift */ = {isa = PBXFileReference; fileEncoding = 4; lastKnownFileType = sourcecode.swift; path = ListCellData.swift; sourceTree = "<group>"; };
		D476F2051E486F44006F6C48 /* ReusableView.swift */ = {isa = PBXFileReference; fileEncoding = 4; lastKnownFileType = sourcecode.swift; path = ReusableView.swift; sourceTree = "<group>"; };
		D476F2061E486F44006F6C48 /* TableViewProxy.swift */ = {isa = PBXFileReference; fileEncoding = 4; lastKnownFileType = sourcecode.swift; path = TableViewProxy.swift; sourceTree = "<group>"; };
		D476F2071E486F44006F6C48 /* MultipeerTableViewProxy.swift */ = {isa = PBXFileReference; fileEncoding = 4; lastKnownFileType = sourcecode.swift; path = MultipeerTableViewProxy.swift; sourceTree = "<group>"; };
		D476F2081E486F44006F6C48 /* UITableView+BIDequeCell.swift */ = {isa = PBXFileReference; fileEncoding = 4; lastKnownFileType = sourcecode.swift; path = "UITableView+BIDequeCell.swift"; sourceTree = "<group>"; };
		D49F10651E76A2DC00578FE8 /* ListCellModelProvider.swift */ = {isa = PBXFileReference; fileEncoding = 4; lastKnownFileType = sourcecode.swift; path = ListCellModelProvider.swift; sourceTree = "<group>"; };
		D49F10671E76A32900578FE8 /* ArrayContainer.swift */ = {isa = PBXFileReference; fileEncoding = 4; lastKnownFileType = sourcecode.swift; path = ArrayContainer.swift; sourceTree = "<group>"; };
		DD4CE68D679A78E095863D2A /* Pods_ListDataProvider.framework */ = {isa = PBXFileReference; explicitFileType = wrapper.framework; includeInIndex = 0; path = Pods_ListDataProvider.framework; sourceTree = BUILT_PRODUCTS_DIR; };
/* End PBXFileReference section */

/* Begin PBXFrameworksBuildPhase section */
		45099E111D7ADD8800899CBF /* Frameworks */ = {
			isa = PBXFrameworksBuildPhase;
			buildActionMask = 2147483647;
			files = (
				C87366961295B090E1379D10 /* Pods_ListDataProvider.framework in Frameworks */,
			);
			runOnlyForDeploymentPostprocessing = 0;
		};
/* End PBXFrameworksBuildPhase section */

/* Begin PBXGroup section */
		05D3280A0CBC92D921F0F560 /* Frameworks */ = {
			isa = PBXGroup;
			children = (
				45CC9A1E1D81B6BE009B8CC0 /* ReactiveCocoa.framework */,
				45CC9A1F1D81B6BE009B8CC0 /* Result.framework */,
				DD4CE68D679A78E095863D2A /* Pods_ListDataProvider.framework */,
			);
			name = Frameworks;
			sourceTree = "<group>";
		};
		45099E0B1D7ADD8700899CBF = {
			isa = PBXGroup;
			children = (
				45099E161D7ADD8800899CBF /* ListDataProvider */,
				45099E151D7ADD8800899CBF /* Products */,
				05D3280A0CBC92D921F0F560 /* Frameworks */,
				C5B1C17175B94DF85F7F2B57 /* Pods */,
			);
			sourceTree = "<group>";
		};
		45099E151D7ADD8800899CBF /* Products */ = {
			isa = PBXGroup;
			children = (
				45099E141D7ADD8800899CBF /* ListDataProvider.app */,
			);
			name = Products;
			sourceTree = "<group>";
		};
		45099E161D7ADD8800899CBF /* ListDataProvider */ = {
			isa = PBXGroup;
			children = (
				45099E171D7ADD8800899CBF /* AppDelegate.swift */,
				45099E191D7ADD8800899CBF /* ViewController.swift */,
				D466FDB91DA8A2BC00185B6B /* BaseTableViewController.swift */,
				D466FDBB1DA8A32700185B6B /* SingleCellViewController.swift */,
				D466FDBD1DA8A40F00185B6B /* SectionedTableViewController.swift */,
				D466FDBF1DA8C46200185B6B /* MultipeerTableViewController.swift */,
				D4FE13241D8E535F00CD286D /* ListDataProvider */,
				45099E1B1D7ADD8800899CBF /* Main.storyboard */,
				45099E1E1D7ADD8800899CBF /* Assets.xcassets */,
				45099E201D7ADD8800899CBF /* LaunchScreen.storyboard */,
				45099E231D7ADD8800899CBF /* Info.plist */,
			);
			path = ListDataProvider;
			sourceTree = "<group>";
		};
		C5B1C17175B94DF85F7F2B57 /* Pods */ = {
			isa = PBXGroup;
			children = (
				71B748755092B400316A4B8E /* Pods-ListDataProvider.debug.xcconfig */,
				0277C69CB8E369E92C612B74 /* Pods-ListDataProvider.release.xcconfig */,
			);
			name = Pods;
			sourceTree = "<group>";
		};
		D49F10691E76A3C300578FE8 /* ListProxy */ = {
			isa = PBXGroup;
			children = (
				D476F2001E486F44006F6C48 /* CollectionViewProxy.swift */,
				D476F2061E486F44006F6C48 /* TableViewProxy.swift */,
				D476F2071E486F44006F6C48 /* MultipeerTableViewProxy.swift */,
			);
			name = ListProxy;
			sourceTree = "<group>";
		};
		D49F106A1E76A3D700578FE8 /* DataContainer */ = {
			isa = PBXGroup;
			children = (
				D49F10671E76A32900578FE8 /* ArrayContainer.swift */,
				D40DE8251E72B53E00E2A64D /* SectionedArrayContainer.swift */,
				D476F2041E486F44006F6C48 /* ListCellData.swift */,
			);
			name = DataContainer;
			sourceTree = "<group>";
		};
		D49F106B1E76A3DE00578FE8 /* DataProvider */ = {
			isa = PBXGroup;
			children = (
				D476F2031E486F44006F6C48 /* ListDataProvider.swift */,
				D49F10651E76A2DC00578FE8 /* ListCellModelProvider.swift */,
				D40DE8241E72B53E00E2A64D /* PagedListDataProvider.swift */,
			);
			name = DataProvider;
			sourceTree = "<group>";
		};
		D4FE13241D8E535F00CD286D /* ListDataProvider */ = {
			isa = PBXGroup;
			children = (
				D49F106B1E76A3DE00578FE8 /* DataProvider */,
				D49F106A1E76A3D700578FE8 /* DataContainer */,
				D49F10691E76A3C300578FE8 /* ListProxy */,
				D476F2051E486F44006F6C48 /* ReusableView.swift */,
				D40DE8261E72B53E00E2A64D /* UICollectionVIew+BIDequeCell.swift */,
				D476F2081E486F44006F6C48 /* UITableView+BIDequeCell.swift */,
			);
			path = ListDataProvider;
			sourceTree = "<group>";
		};
/* End PBXGroup section */

/* Begin PBXNativeTarget section */
		45099E131D7ADD8800899CBF /* ListDataProvider */ = {
			isa = PBXNativeTarget;
			buildConfigurationList = 45099E261D7ADD8800899CBF /* Build configuration list for PBXNativeTarget "ListDataProvider" */;
			buildPhases = (
				CDD2E572F65794732DADF3DB /* [CP] Check Pods Manifest.lock */,
				45099E101D7ADD8800899CBF /* Sources */,
				45099E111D7ADD8800899CBF /* Frameworks */,
				45099E121D7ADD8800899CBF /* Resources */,
				53BF084F6008C168D7571301 /* [CP] Embed Pods Frameworks */,
				DEF8F91D7F727017160A3CE2 /* [CP] Copy Pods Resources */,
			);
			buildRules = (
			);
			dependencies = (
			);
			name = ListDataProvider;
			productName = ListDataProvider;
			productReference = 45099E141D7ADD8800899CBF /* ListDataProvider.app */;
			productType = "com.apple.product-type.application";
		};
/* End PBXNativeTarget section */

/* Begin PBXProject section */
		45099E0C1D7ADD8700899CBF /* Project object */ = {
			isa = PBXProject;
			attributes = {
				LastSwiftUpdateCheck = 0730;
				LastUpgradeCheck = 0810;
				ORGANIZATIONNAME = "Ice Butterfly";
				TargetAttributes = {
					45099E131D7ADD8800899CBF = {
						CreatedOnToolsVersion = 7.3.1;
						DevelopmentTeam = VSXKPZWN4F;
					};
				};
			};
			buildConfigurationList = 45099E0F1D7ADD8700899CBF /* Build configuration list for PBXProject "ListDataProvider" */;
			compatibilityVersion = "Xcode 3.2";
			developmentRegion = English;
			hasScannedForEncodings = 0;
			knownRegions = (
				en,
				Base,
			);
			mainGroup = 45099E0B1D7ADD8700899CBF;
			productRefGroup = 45099E151D7ADD8800899CBF /* Products */;
			projectDirPath = "";
			projectRoot = "";
			targets = (
				45099E131D7ADD8800899CBF /* ListDataProvider */,
			);
		};
/* End PBXProject section */

/* Begin PBXResourcesBuildPhase section */
		45099E121D7ADD8800899CBF /* Resources */ = {
			isa = PBXResourcesBuildPhase;
			buildActionMask = 2147483647;
			files = (
				45099E221D7ADD8800899CBF /* LaunchScreen.storyboard in Resources */,
				45099E1F1D7ADD8800899CBF /* Assets.xcassets in Resources */,
				45099E1D1D7ADD8800899CBF /* Main.storyboard in Resources */,
			);
			runOnlyForDeploymentPostprocessing = 0;
		};
/* End PBXResourcesBuildPhase section */

/* Begin PBXShellScriptBuildPhase section */
		53BF084F6008C168D7571301 /* [CP] Embed Pods Frameworks */ = {
			isa = PBXShellScriptBuildPhase;
			buildActionMask = 2147483647;
			files = (
			);
			inputPaths = (
			);
			name = "[CP] Embed Pods Frameworks";
			outputPaths = (
			);
			runOnlyForDeploymentPostprocessing = 0;
			shellPath = /bin/sh;
			shellScript = "\"${SRCROOT}/Pods/Target Support Files/Pods-ListDataProvider/Pods-ListDataProvider-frameworks.sh\"\n";
			showEnvVarsInLog = 0;
		};
		CDD2E572F65794732DADF3DB /* [CP] Check Pods Manifest.lock */ = {
			isa = PBXShellScriptBuildPhase;
			buildActionMask = 2147483647;
			files = (
			);
			inputPaths = (
			);
			name = "[CP] Check Pods Manifest.lock";
			outputPaths = (
			);
			runOnlyForDeploymentPostprocessing = 0;
			shellPath = /bin/sh;
			shellScript = "diff \"${PODS_ROOT}/../Podfile.lock\" \"${PODS_ROOT}/Manifest.lock\" > /dev/null\nif [ $? != 0 ] ; then\n    # print error to STDERR\n    echo \"error: The sandbox is not in sync with the Podfile.lock. Run 'pod install' or update your CocoaPods installation.\" >&2\n    exit 1\nfi\n";
			showEnvVarsInLog = 0;
		};
		DEF8F91D7F727017160A3CE2 /* [CP] Copy Pods Resources */ = {
			isa = PBXShellScriptBuildPhase;
			buildActionMask = 2147483647;
			files = (
			);
			inputPaths = (
			);
			name = "[CP] Copy Pods Resources";
			outputPaths = (
			);
			runOnlyForDeploymentPostprocessing = 0;
			shellPath = /bin/sh;
			shellScript = "\"${SRCROOT}/Pods/Target Support Files/Pods-ListDataProvider/Pods-ListDataProvider-resources.sh\"\n";
			showEnvVarsInLog = 0;
		};
/* End PBXShellScriptBuildPhase section */

/* Begin PBXSourcesBuildPhase section */
		45099E101D7ADD8800899CBF /* Sources */ = {
			isa = PBXSourcesBuildPhase;
			buildActionMask = 2147483647;
			files = (
				D476F2101E486F44006F6C48 /* MultipeerTableViewProxy.swift in Sources */,
				D466FDBA1DA8A2BC00185B6B /* BaseTableViewController.swift in Sources */,
				D476F20F1E486F44006F6C48 /* TableViewProxy.swift in Sources */,
				45099E1A1D7ADD8800899CBF /* ViewController.swift in Sources */,
				D476F2111E486F44006F6C48 /* UITableView+BIDequeCell.swift in Sources */,
				D476F20C1E486F44006F6C48 /* ListDataProvider.swift in Sources */,
				D476F20E1E486F44006F6C48 /* ReusableView.swift in Sources */,
				D476F2091E486F44006F6C48 /* CollectionViewProxy.swift in Sources */,
				D49F10681E76A32900578FE8 /* ArrayContainer.swift in Sources */,
				D40DE8291E72B53E00E2A64D /* UICollectionVIew+BIDequeCell.swift in Sources */,
				D40DE8271E72B53E00E2A64D /* PagedListDataProvider.swift in Sources */,
				D466FDC01DA8C46200185B6B /* MultipeerTableViewController.swift in Sources */,
				D49F10661E76A2DC00578FE8 /* ListCellModelProvider.swift in Sources */,
				D466FDBE1DA8A40F00185B6B /* SectionedTableViewController.swift in Sources */,
				D476F20D1E486F44006F6C48 /* ListCellData.swift in Sources */,
				45099E181D7ADD8800899CBF /* AppDelegate.swift in Sources */,
				D466FDBC1DA8A32700185B6B /* SingleCellViewController.swift in Sources */,
				D40DE8281E72B53E00E2A64D /* SectionedArrayContainer.swift in Sources */,
			);
			runOnlyForDeploymentPostprocessing = 0;
		};
/* End PBXSourcesBuildPhase section */

/* Begin PBXVariantGroup section */
		45099E1B1D7ADD8800899CBF /* Main.storyboard */ = {
			isa = PBXVariantGroup;
			children = (
				45099E1C1D7ADD8800899CBF /* Base */,
			);
			name = Main.storyboard;
			sourceTree = "<group>";
		};
		45099E201D7ADD8800899CBF /* LaunchScreen.storyboard */ = {
			isa = PBXVariantGroup;
			children = (
				45099E211D7ADD8800899CBF /* Base */,
			);
			name = LaunchScreen.storyboard;
			sourceTree = "<group>";
		};
/* End PBXVariantGroup section */

/* Begin XCBuildConfiguration section */
		45099E241D7ADD8800899CBF /* Debug */ = {
			isa = XCBuildConfiguration;
			buildSettings = {
				ALWAYS_SEARCH_USER_PATHS = NO;
				CLANG_ANALYZER_NONNULL = YES;
				CLANG_CXX_LANGUAGE_STANDARD = "gnu++0x";
				CLANG_CXX_LIBRARY = "libc++";
				CLANG_ENABLE_MODULES = YES;
				CLANG_ENABLE_OBJC_ARC = YES;
				CLANG_WARN_BOOL_CONVERSION = YES;
				CLANG_WARN_CONSTANT_CONVERSION = YES;
				CLANG_WARN_DIRECT_OBJC_ISA_USAGE = YES_ERROR;
				CLANG_WARN_EMPTY_BODY = YES;
				CLANG_WARN_ENUM_CONVERSION = YES;
				CLANG_WARN_INFINITE_RECURSION = YES;
				CLANG_WARN_INT_CONVERSION = YES;
				CLANG_WARN_OBJC_ROOT_CLASS = YES_ERROR;
				CLANG_WARN_SUSPICIOUS_MOVE = YES;
				CLANG_WARN_UNREACHABLE_CODE = YES;
				CLANG_WARN__DUPLICATE_METHOD_MATCH = YES;
				"CODE_SIGN_IDENTITY[sdk=iphoneos*]" = "iPhone Developer";
				COPY_PHASE_STRIP = NO;
				DEBUG_INFORMATION_FORMAT = dwarf;
				ENABLE_STRICT_OBJC_MSGSEND = YES;
				ENABLE_TESTABILITY = YES;
				GCC_C_LANGUAGE_STANDARD = gnu99;
				GCC_DYNAMIC_NO_PIC = NO;
				GCC_NO_COMMON_BLOCKS = YES;
				GCC_OPTIMIZATION_LEVEL = 0;
				GCC_PREPROCESSOR_DEFINITIONS = (
					"DEBUG=1",
					"$(inherited)",
				);
				GCC_WARN_64_TO_32_BIT_CONVERSION = YES;
				GCC_WARN_ABOUT_RETURN_TYPE = YES_ERROR;
				GCC_WARN_UNDECLARED_SELECTOR = YES;
				GCC_WARN_UNINITIALIZED_AUTOS = YES_AGGRESSIVE;
				GCC_WARN_UNUSED_FUNCTION = YES;
				GCC_WARN_UNUSED_VARIABLE = YES;
				IPHONEOS_DEPLOYMENT_TARGET = 9.3;
				MTL_ENABLE_DEBUG_INFO = YES;
				ONLY_ACTIVE_ARCH = YES;
				SDKROOT = iphoneos;
				SWIFT_OPTIMIZATION_LEVEL = "-Onone";
				TARGETED_DEVICE_FAMILY = "1,2";
			};
			name = Debug;
		};
		45099E251D7ADD8800899CBF /* Release */ = {
			isa = XCBuildConfiguration;
			buildSettings = {
				ALWAYS_SEARCH_USER_PATHS = NO;
				CLANG_ANALYZER_NONNULL = YES;
				CLANG_CXX_LANGUAGE_STANDARD = "gnu++0x";
				CLANG_CXX_LIBRARY = "libc++";
				CLANG_ENABLE_MODULES = YES;
				CLANG_ENABLE_OBJC_ARC = YES;
				CLANG_WARN_BOOL_CONVERSION = YES;
				CLANG_WARN_CONSTANT_CONVERSION = YES;
				CLANG_WARN_DIRECT_OBJC_ISA_USAGE = YES_ERROR;
				CLANG_WARN_EMPTY_BODY = YES;
				CLANG_WARN_ENUM_CONVERSION = YES;
				CLANG_WARN_INFINITE_RECURSION = YES;
				CLANG_WARN_INT_CONVERSION = YES;
				CLANG_WARN_OBJC_ROOT_CLASS = YES_ERROR;
				CLANG_WARN_SUSPICIOUS_MOVE = YES;
				CLANG_WARN_UNREACHABLE_CODE = YES;
				CLANG_WARN__DUPLICATE_METHOD_MATCH = YES;
				"CODE_SIGN_IDENTITY[sdk=iphoneos*]" = "iPhone Developer";
				COPY_PHASE_STRIP = NO;
				DEBUG_INFORMATION_FORMAT = "dwarf-with-dsym";
				ENABLE_NS_ASSERTIONS = NO;
				ENABLE_STRICT_OBJC_MSGSEND = YES;
				GCC_C_LANGUAGE_STANDARD = gnu99;
				GCC_NO_COMMON_BLOCKS = YES;
				GCC_WARN_64_TO_32_BIT_CONVERSION = YES;
				GCC_WARN_ABOUT_RETURN_TYPE = YES_ERROR;
				GCC_WARN_UNDECLARED_SELECTOR = YES;
				GCC_WARN_UNINITIALIZED_AUTOS = YES_AGGRESSIVE;
				GCC_WARN_UNUSED_FUNCTION = YES;
				GCC_WARN_UNUSED_VARIABLE = YES;
				IPHONEOS_DEPLOYMENT_TARGET = 9.3;
				MTL_ENABLE_DEBUG_INFO = NO;
				SDKROOT = iphoneos;
				SWIFT_OPTIMIZATION_LEVEL = "-Owholemodule";
				TARGETED_DEVICE_FAMILY = "1,2";
				VALIDATE_PRODUCT = YES;
			};
			name = Release;
		};
		45099E271D7ADD8800899CBF /* Debug */ = {
			isa = XCBuildConfiguration;
			baseConfigurationReference = 71B748755092B400316A4B8E /* Pods-ListDataProvider.debug.xcconfig */;
			buildSettings = {
				ASSETCATALOG_COMPILER_APPICON_NAME = AppIcon;
				FRAMEWORK_SEARCH_PATHS = (
					"$(inherited)",
					"$(PROJECT_DIR)/Carthage/Build/iOS",
				);
				INFOPLIST_FILE = ListDataProvider/Info.plist;
				LD_RUNPATH_SEARCH_PATHS = "$(inherited) @executable_path/Frameworks";
				PRODUCT_BUNDLE_IDENTIFIER = Bl.ListDataProvider;
				PRODUCT_NAME = "$(TARGET_NAME)";
				SWIFT_VERSION = 3.0.1;
			};
			name = Debug;
		};
		45099E281D7ADD8800899CBF /* Release */ = {
			isa = XCBuildConfiguration;
			baseConfigurationReference = 0277C69CB8E369E92C612B74 /* Pods-ListDataProvider.release.xcconfig */;
			buildSettings = {
				ASSETCATALOG_COMPILER_APPICON_NAME = AppIcon;
				FRAMEWORK_SEARCH_PATHS = (
					"$(inherited)",
					"$(PROJECT_DIR)/Carthage/Build/iOS",
				);
				INFOPLIST_FILE = ListDataProvider/Info.plist;
				LD_RUNPATH_SEARCH_PATHS = "$(inherited) @executable_path/Frameworks";
				PRODUCT_BUNDLE_IDENTIFIER = Bl.ListDataProvider;
				PRODUCT_NAME = "$(TARGET_NAME)";
				SWIFT_VERSION = 3.0.1;
			};
			name = Release;
		};
/* End XCBuildConfiguration section */

/* Begin XCConfigurationList section */
		45099E0F1D7ADD8700899CBF /* Build configuration list for PBXProject "ListDataProvider" */ = {
			isa = XCConfigurationList;
			buildConfigurations = (
				45099E241D7ADD8800899CBF /* Debug */,
				45099E251D7ADD8800899CBF /* Release */,
			);
			defaultConfigurationIsVisible = 0;
			defaultConfigurationName = Release;
		};
		45099E261D7ADD8800899CBF /* Build configuration list for PBXNativeTarget "ListDataProvider" */ = {
			isa = XCConfigurationList;
			buildConfigurations = (
				45099E271D7ADD8800899CBF /* Debug */,
				45099E281D7ADD8800899CBF /* Release */,
			);
			defaultConfigurationIsVisible = 0;
			defaultConfigurationName = Release;
		};
/* End XCConfigurationList section */
	};
	rootObject = 45099E0C1D7ADD8700899CBF /* Project object */;
}
